
Microsoft Visual Studio Solution File, Format Version 12.00
# Visual Studio Version 16
VisualStudioVersion = 16.0.29806.167
MinimumVisualStudioVersion = 10.0.40219.1
Project("{8BC9CEB8-8B4A-11D0-8D11-00A0C91BC942}") = "SetupOpenGL", "SetupOpenGL\SetupOpenGL.vcxproj", "{B3209757-711E-4583-B5D1-5B78656F9DE3}"
EndProject
Project("{8BC9CEB8-8B4A-11D0-8D11-00A0C91BC942}") = "PrototypeECS", "PrototypeECS\PrototypeECS.vcxproj", "{F48A2F08-36F4-4785-9E45-F36A88AABD0C}"
EndProject
Global
	GlobalSection(SolutionConfigurationPlatforms) = preSolution
		Debug|x64 = Debug|x64
		Debug|x86 = Debug|x86
		Release|x64 = Release|x64
		Release|x86 = Release|x86
	EndGlobalSection
	GlobalSection(ProjectConfigurationPlatforms) = postSolution
		{B3209757-711E-4583-B5D1-5B78656F9DE3}.Debug|x64.ActiveCfg = Debug|x64
		{B3209757-711E-4583-B5D1-5B78656F9DE3}.Debug|x64.Build.0 = Debug|x64
		{B3209757-711E-4583-B5D1-5B78656F9DE3}.Debug|x86.ActiveCfg = Debug|Win32
		{B3209757-711E-4583-B5D1-5B78656F9DE3}.Debug|x86.Build.0 = Debug|Win32
		{B3209757-711E-4583-B5D1-5B78656F9DE3}.Release|x64.ActiveCfg = Release|x64
		{B3209757-711E-4583-B5D1-5B78656F9DE3}.Release|x64.Build.0 = Release|x64
		{B3209757-711E-4583-B5D1-5B78656F9DE3}.Release|x86.ActiveCfg = Release|Win32
		{B3209757-711E-4583-B5D1-5B78656F9DE3}.Release|x86.Build.0 = Release|Win32
		{F48A2F08-36F4-4785-9E45-F36A88AABD0C}.Debug|x64.ActiveCfg = Debug|x64
		{F48A2F08-36F4-4785-9E45-F36A88AABD0C}.Debug|x64.Build.0 = Debug|x64
		{F48A2F08-36F4-4785-9E45-F36A88AABD0C}.Debug|x86.ActiveCfg = Debug|Win32
		{F48A2F08-36F4-4785-9E45-F36A88AABD0C}.Debug|x86.Build.0 = Debug|Win32
		{F48A2F08-36F4-4785-9E45-F36A88AABD0C}.Release|x64.ActiveCfg = Release|x64
		{F48A2F08-36F4-4785-9E45-F36A88AABD0C}.Release|x64.Build.0 = Release|x64
		{F48A2F08-36F4-4785-9E45-F36A88AABD0C}.Release|x86.ActiveCfg = Release|Win32
		{F48A2F08-36F4-4785-9E45-F36A88AABD0C}.Release|x86.Build.0 = Release|Win32
	EndGlobalSection
	GlobalSection(SolutionProperties) = preSolution
		HideSolutionNode = FALSE
	EndGlobalSection
	GlobalSection(ExtensibilityGlobals) = postSolution
		SolutionGuid = {8F7333D2-E88B-4C05-BB75-F29B62DA1D0E}
	EndGlobalSection
EndGlobal
